{
  "name": "char-decoder",
  "version": "1.0.0",
  "lockfileVersion": 1,
  "requires": true,
  "dependencies": {
    "iconv-lite-umd": {
      "version": "0.6.8",
      "resolved": "https://registry.npmjs.org/iconv-lite-umd/-/iconv-lite-umd-0.6.8.tgz",
      "integrity": "sha512-zvXJ5gSwMC9JD3wDzH8CoZGc1pbiJn12Tqjk8BXYCnYz3hYL5GRjHW8LEykjXhV9WgNGI4rgpgHcbIiBfrRq6A=="
    }
  }
}
